
Microsoft Visual Studio Solution File, Format Version 12.00
# Visual Studio Version 17
VisualStudioVersion = 17.13.35605.110 d17.13
MinimumVisualStudioVersion = 10.0.40219.1
Project("{FAE04EC0-301F-11D3-BF4B-00C04F79EFBC}") = "LinkedListLooped", "LinkedListLooped.csproj", "{C5378A4E-FE46-DD78-8FCE-00015389CE71}"
EndProject
Global
	GlobalSection(SolutionConfigurationPlatforms) = preSolution
		Debug|Any CPU = Debug|Any CPU
		Release|Any CPU = Release|Any CPU
	EndGlobalSection
	GlobalSection(ProjectConfigurationPlatforms) = postSolution
		{C5378A4E-FE46-DD78-8FCE-00015389CE71}.Debug|Any CPU.ActiveCfg = Release|Any CPU
		{C5378A4E-FE46-DD78-8FCE-00015389CE71}.Debug|Any CPU.Build.0 = Release|Any CPU
		{C5378A4E-FE46-DD78-8FCE-00015389CE71}.Release|Any CPU.ActiveCfg = Release|Any CPU
		{C5378A4E-FE46-DD78-8FCE-00015389CE71}.Release|Any CPU.Build.0 = Release|Any CPU
	EndGlobalSection
	GlobalSection(SolutionProperties) = preSolution
		HideSolutionNode = FALSE
	EndGlobalSection
	GlobalSection(ExtensibilityGlobals) = postSolution
		SolutionGuid = {3A4BC1A5-AA08-4584-87A6-DB1FDC7AA2BB}
	EndGlobalSection
EndGlobal
